
Microsoft Visual Studio Solution File, Format Version 12.00
# Visual Studio 2015
Project("{FAE04EC0-301F-11D3-BF4B-00C04F79EFBC}") = "FirstTestingProject.CSharp", "FirstTestingProject.CSharp.csproj", "{2CA1DB44-C0FD-720F-F6EB-6F127C5CAC4E}"
EndProject
Global
	GlobalSection(SolutionConfigurationPlatforms) = preSolution
		Debug|Any CPU = Debug|Any CPU
		Release|Any CPU = Release|Any CPU
	EndGlobalSection
	GlobalSection(ProjectConfigurationPlatforms) = postSolution
		{2CA1DB44-C0FD-720F-F6EB-6F127C5CAC4E}.Debug|Any CPU.ActiveCfg = Debug|Any CPU
		{2CA1DB44-C0FD-720F-F6EB-6F127C5CAC4E}.Debug|Any CPU.Build.0 = Debug|Any CPU
		{2CA1DB44-C0FD-720F-F6EB-6F127C5CAC4E}.Release|Any CPU.ActiveCfg = Release|Any CPU
		{2CA1DB44-C0FD-720F-F6EB-6F127C5CAC4E}.Release|Any CPU.Build.0 = Release|Any CPU
	EndGlobalSection
	GlobalSection(SolutionProperties) = preSolution
		HideSolutionNode = FALSE
	EndGlobalSection
EndGlobal
